
Microsoft Visual Studio Solution File, Format Version 12.00
# Visual Studio Version 16
VisualStudioVersion = 16.0.31613.86
MinimumVisualStudioVersion = 10.0.40219.1
Project("{FAE04EC0-301F-11D3-BF4B-00C04F79EFBC}") = "UserApi1", "UserApi1\UserApi1.csproj", "{AC03D8F2-C882-40F1-B1E5-BF68B4E13063}"
EndProject
Global
	GlobalSection(SolutionConfigurationPlatforms) = preSolution
		Debug|Any CPU = Debug|Any CPU
		Release|Any CPU = Release|Any CPU
	EndGlobalSection
	GlobalSection(ProjectConfigurationPlatforms) = postSolution
		{AC03D8F2-C882-40F1-B1E5-BF68B4E13063}.Debug|Any CPU.ActiveCfg = Debug|Any CPU
		{AC03D8F2-C882-40F1-B1E5-BF68B4E13063}.Debug|Any CPU.Build.0 = Debug|Any CPU
		{AC03D8F2-C882-40F1-B1E5-BF68B4E13063}.Release|Any CPU.ActiveCfg = Release|Any CPU
		{AC03D8F2-C882-40F1-B1E5-BF68B4E13063}.Release|Any CPU.Build.0 = Release|Any CPU
	EndGlobalSection
	GlobalSection(SolutionProperties) = preSolution
		HideSolutionNode = FALSE
	EndGlobalSection
	GlobalSection(ExtensibilityGlobals) = postSolution
		SolutionGuid = {DED15AF7-0699-4DC0-A3B4-C13D2D98479E}
	EndGlobalSection
EndGlobal
